
Microsoft Visual Studio Solution File, Format Version 12.00
# Visual Studio 15
VisualStudioVersion = 15.0.26124.0
MinimumVisualStudioVersion = 15.0.26124.0
Project("{FAE04EC0-301F-11D3-BF4B-00C04F79EFBC}") = "API", "API\API.csproj", "{504236D6-66EE-4F36-B349-8A4840F6A642}"
EndProject
Project("{FAE04EC0-301F-11D3-BF4B-00C04F79EFBC}") = "Core", "Core\Core.csproj", "{583F3EDA-6852-475A-9239-42BF3FF5FEC7}"
EndProject
Project("{FAE04EC0-301F-11D3-BF4B-00C04F79EFBC}") = "Infrastructure", "Infrastructure\Infrastructure.csproj", "{FC311F9E-045C-46C8-A12D-3A206A4DA6CB}"
EndProject
Global
	GlobalSection(SolutionConfigurationPlatforms) = preSolution
		Debug|Any CPU = Debug|Any CPU
		Debug|x64 = Debug|x64
		Debug|x86 = Debug|x86
		Release|Any CPU = Release|Any CPU
		Release|x64 = Release|x64
		Release|x86 = Release|x86
	EndGlobalSection
	GlobalSection(SolutionProperties) = preSolution
		HideSolutionNode = FALSE
	EndGlobalSection
	GlobalSection(ProjectConfigurationPlatforms) = postSolution
		{504236D6-66EE-4F36-B349-8A4840F6A642}.Debug|Any CPU.ActiveCfg = Debug|Any CPU
		{504236D6-66EE-4F36-B349-8A4840F6A642}.Debug|Any CPU.Build.0 = Debug|Any CPU
		{504236D6-66EE-4F36-B349-8A4840F6A642}.Debug|x64.ActiveCfg = Debug|Any CPU
		{504236D6-66EE-4F36-B349-8A4840F6A642}.Debug|x64.Build.0 = Debug|Any CPU
		{504236D6-66EE-4F36-B349-8A4840F6A642}.Debug|x86.ActiveCfg = Debug|Any CPU
		{504236D6-66EE-4F36-B349-8A4840F6A642}.Debug|x86.Build.0 = Debug|Any CPU
		{504236D6-66EE-4F36-B349-8A4840F6A642}.Release|Any CPU.ActiveCfg = Release|Any CPU
		{504236D6-66EE-4F36-B349-8A4840F6A642}.Release|Any CPU.Build.0 = Release|Any CPU
		{504236D6-66EE-4F36-B349-8A4840F6A642}.Release|x64.ActiveCfg = Release|Any CPU
		{504236D6-66EE-4F36-B349-8A4840F6A642}.Release|x64.Build.0 = Release|Any CPU
		{504236D6-66EE-4F36-B349-8A4840F6A642}.Release|x86.ActiveCfg = Release|Any CPU
		{504236D6-66EE-4F36-B349-8A4840F6A642}.Release|x86.Build.0 = Release|Any CPU
		{583F3EDA-6852-475A-9239-42BF3FF5FEC7}.Debug|Any CPU.ActiveCfg = Debug|Any CPU
		{583F3EDA-6852-475A-9239-42BF3FF5FEC7}.Debug|Any CPU.Build.0 = Debug|Any CPU
		{583F3EDA-6852-475A-9239-42BF3FF5FEC7}.Debug|x64.ActiveCfg = Debug|Any CPU
		{583F3EDA-6852-475A-9239-42BF3FF5FEC7}.Debug|x64.Build.0 = Debug|Any CPU
		{583F3EDA-6852-475A-9239-42BF3FF5FEC7}.Debug|x86.ActiveCfg = Debug|Any CPU
		{583F3EDA-6852-475A-9239-42BF3FF5FEC7}.Debug|x86.Build.0 = Debug|Any CPU
		{583F3EDA-6852-475A-9239-42BF3FF5FEC7}.Release|Any CPU.ActiveCfg = Release|Any CPU
		{583F3EDA-6852-475A-9239-42BF3FF5FEC7}.Release|Any CPU.Build.0 = Release|Any CPU
		{583F3EDA-6852-475A-9239-42BF3FF5FEC7}.Release|x64.ActiveCfg = Release|Any CPU
		{583F3EDA-6852-475A-9239-42BF3FF5FEC7}.Release|x64.Build.0 = Release|Any CPU
		{583F3EDA-6852-475A-9239-42BF3FF5FEC7}.Release|x86.ActiveCfg = Release|Any CPU
		{583F3EDA-6852-475A-9239-42BF3FF5FEC7}.Release|x86.Build.0 = Release|Any CPU
		{FC311F9E-045C-46C8-A12D-3A206A4DA6CB}.Debug|Any CPU.ActiveCfg = Debug|Any CPU
		{FC311F9E-045C-46C8-A12D-3A206A4DA6CB}.Debug|Any CPU.Build.0 = Debug|Any CPU
		{FC311F9E-045C-46C8-A12D-3A206A4DA6CB}.Debug|x64.ActiveCfg = Debug|Any CPU
		{FC311F9E-045C-46C8-A12D-3A206A4DA6CB}.Debug|x64.Build.0 = Debug|Any CPU
		{FC311F9E-045C-46C8-A12D-3A206A4DA6CB}.Debug|x86.ActiveCfg = Debug|Any CPU
		{FC311F9E-045C-46C8-A12D-3A206A4DA6CB}.Debug|x86.Build.0 = Debug|Any CPU
		{FC311F9E-045C-46C8-A12D-3A206A4DA6CB}.Release|Any CPU.ActiveCfg = Release|Any CPU
		{FC311F9E-045C-46C8-A12D-3A206A4DA6CB}.Release|Any CPU.Build.0 = Release|Any CPU
		{FC311F9E-045C-46C8-A12D-3A206A4DA6CB}.Release|x64.ActiveCfg = Release|Any CPU
		{FC311F9E-045C-46C8-A12D-3A206A4DA6CB}.Release|x64.Build.0 = Release|Any CPU
		{FC311F9E-045C-46C8-A12D-3A206A4DA6CB}.Release|x86.ActiveCfg = Release|Any CPU
		{FC311F9E-045C-46C8-A12D-3A206A4DA6CB}.Release|x86.Build.0 = Release|Any CPU
	EndGlobalSection
EndGlobal
